// !$*UTF8*$!
{
	archiveVersion = 1;
	classes = {
	};
	objectVersion = 51;
	objects = {

/* Begin PBXBuildFile section */
		053CEF93257D50B800EDC105 /* DailyForecastCollectionViewCell.swift in Sources */ = {isa = PBXBuildFile; fileRef = 053CEF92257D50B800EDC105 /* DailyForecastCollectionViewCell.swift */; };
		054DDFEE257D1775007F7F49 /* CityTableViewCell.swift in Sources */ = {isa = PBXBuildFile; fileRef = 054DDFED257D1775007F7F49 /* CityTableViewCell.swift */; };
		054DDFF1257D199C007F7F49 /* ForecastViewController.swift in Sources */ = {isa = PBXBuildFile; fileRef = 054DDFF0257D199C007F7F49 /* ForecastViewController.swift */; };
		05BF217F2579434B00183AC1 /* AppDelegate.swift in Sources */ = {isa = PBXBuildFile; fileRef = 05BF217E2579434B00183AC1 /* AppDelegate.swift */; };
		05BF21812579434B00183AC1 /* SceneDelegate.swift in Sources */ = {isa = PBXBuildFile; fileRef = 05BF21802579434B00183AC1 /* SceneDelegate.swift */; };
		05BF21862579434B00183AC1 /* Main.storyboard in Resources */ = {isa = PBXBuildFile; fileRef = 05BF21842579434B00183AC1 /* Main.storyboard */; };
		05BF21882579434B00183AC1 /* Assets.xcassets in Resources */ = {isa = PBXBuildFile; fileRef = 05BF21872579434B00183AC1 /* Assets.xcassets */; };
		05BF218B2579434B00183AC1 /* LaunchScreen.storyboard in Resources */ = {isa = PBXBuildFile; fileRef = 05BF21892579434B00183AC1 /* LaunchScreen.storyboard */; };
		05BF21982579739400183AC1 /* CitiesTableViewController.swift in Sources */ = {isa = PBXBuildFile; fileRef = 05BF21972579739400183AC1 /* CitiesTableViewController.swift */; };
		51D9BE5CC3D377271AAF096B /* Pods_WeatherDemo.framework in Frameworks */ = {isa = PBXBuildFile; fileRef = 3B712D3B02C170FF430FB84B /* Pods_WeatherDemo.framework */; };
/* End PBXBuildFile section */

/* Begin PBXFileReference section */
		053CEF92257D50B800EDC105 /* DailyForecastCollectionViewCell.swift */ = {isa = PBXFileReference; lastKnownFileType = sourcecode.swift; name = DailyForecastCollectionViewCell.swift; path = WeatherDemo/DailyForecastCollectionViewCell.swift; sourceTree = SOURCE_ROOT; };
		054DDFED257D1775007F7F49 /* CityTableViewCell.swift */ = {isa = PBXFileReference; lastKnownFileType = sourcecode.swift; name = CityTableViewCell.swift; path = WeatherDemo/CityTableViewCell.swift; sourceTree = SOURCE_ROOT; };
		054DDFF0257D199C007F7F49 /* ForecastViewController.swift */ = {isa = PBXFileReference; lastKnownFileType = sourcecode.swift; name = ForecastViewController.swift; path = WeatherDemo/ForecastViewController.swift; sourceTree = SOURCE_ROOT; };
		05BF217B2579434B00183AC1 /* WeatherDemo.app */ = {isa = PBXFileReference; explicitFileType = wrapper.application; includeInIndex = 0; path = WeatherDemo.app; sourceTree = BUILT_PRODUCTS_DIR; };
		05BF217E2579434B00183AC1 /* AppDelegate.swift */ = {isa = PBXFileReference; lastKnownFileType = sourcecode.swift; path = AppDelegate.swift; sourceTree = "<group>"; };
		05BF21802579434B00183AC1 /* SceneDelegate.swift */ = {isa = PBXFileReference; lastKnownFileType = sourcecode.swift; path = SceneDelegate.swift; sourceTree = "<group>"; };
		05BF21852579434B00183AC1 /* Base */ = {isa = PBXFileReference; lastKnownFileType = file.storyboard; name = Base; path = Base.lproj/Main.storyboard; sourceTree = "<group>"; };
		05BF21872579434B00183AC1 /* Assets.xcassets */ = {isa = PBXFileReference; lastKnownFileType = folder.assetcatalog; path = Assets.xcassets; sourceTree = "<group>"; };
		05BF218A2579434B00183AC1 /* Base */ = {isa = PBXFileReference; lastKnownFileType = file.storyboard; name = Base; path = Base.lproj/LaunchScreen.storyboard; sourceTree = "<group>"; };
		05BF218C2579434B00183AC1 /* Info.plist */ = {isa = PBXFileReference; lastKnownFileType = text.plist.xml; path = Info.plist; sourceTree = "<group>"; };
		05BF21972579739400183AC1 /* CitiesTableViewController.swift */ = {isa = PBXFileReference; lastKnownFileType = sourcecode.swift; path = CitiesTableViewController.swift; sourceTree = "<group>"; };
		3B712D3B02C170FF430FB84B /* Pods_WeatherDemo.framework */ = {isa = PBXFileReference; explicitFileType = wrapper.framework; includeInIndex = 0; path = Pods_WeatherDemo.framework; sourceTree = BUILT_PRODUCTS_DIR; };
		6107CFDFBFAC5BA1C9152927 /* Pods-WeatherDemo.debug.xcconfig */ = {isa = PBXFileReference; includeInIndex = 1; lastKnownFileType = text.xcconfig; name = "Pods-WeatherDemo.debug.xcconfig"; path = "Target Support Files/Pods-WeatherDemo/Pods-WeatherDemo.debug.xcconfig"; sourceTree = "<group>"; };
		9D188AEB17E0D81EE19B9BB4 /* Pods-WeatherDemo.release.xcconfig */ = {isa = PBXFileReference; includeInIndex = 1; lastKnownFileType = text.xcconfig; name = "Pods-WeatherDemo.release.xcconfig"; path = "Target Support Files/Pods-WeatherDemo/Pods-WeatherDemo.release.xcconfig"; sourceTree = "<group>"; };
/* End PBXFileReference section */

/* Begin PBXFrameworksBuildPhase section */
		05BF21782579434B00183AC1 /* Frameworks */ = {
			isa = PBXFrameworksBuildPhase;
			buildActionMask = 2147483647;
			files = (
				51D9BE5CC3D377271AAF096B /* Pods_WeatherDemo.framework in Frameworks */,
			);
			runOnlyForDeploymentPostprocessing = 0;
		};
/* End PBXFrameworksBuildPhase section */

/* Begin PBXGroup section */
		054DDFE4257D1672007F7F49 /* Delegates */ = {
			isa = PBXGroup;
			children = (
				05BF217E2579434B00183AC1 /* AppDelegate.swift */,
				05BF21802579434B00183AC1 /* SceneDelegate.swift */,
			);
			path = Delegates;
			sourceTree = "<group>";
		};
		054DDFE6257D167E007F7F49 /* Controller */ = {
			isa = PBXGroup;
			children = (
				05BF21972579739400183AC1 /* CitiesTableViewController.swift */,
				054DDFF0257D199C007F7F49 /* ForecastViewController.swift */,
			);
			path = Controller;
			sourceTree = "<group>";
		};
		054DDFE8257D1685007F7F49 /* View */ = {
			isa = PBXGroup;
			children = (
				054DDFED257D1775007F7F49 /* CityTableViewCell.swift */,
				053CEF92257D50B800EDC105 /* DailyForecastCollectionViewCell.swift */,
			);
			path = View;
			sourceTree = "<group>";
		};
		05BF21722579434B00183AC1 = {
			isa = PBXGroup;
			children = (
				05BF217D2579434B00183AC1 /* WeatherDemo */,
				05BF217C2579434B00183AC1 /* Products */,
				51E9CC230F0B71C9644219E2 /* Pods */,
				831BA5C5F4D196A875536655 /* Frameworks */,
			);
			sourceTree = "<group>";
		};
		05BF217C2579434B00183AC1 /* Products */ = {
			isa = PBXGroup;
			children = (
				05BF217B2579434B00183AC1 /* WeatherDemo.app */,
			);
			name = Products;
			sourceTree = "<group>";
		};
		05BF217D2579434B00183AC1 /* WeatherDemo */ = {
			isa = PBXGroup;
			children = (
				05BF21842579434B00183AC1 /* Main.storyboard */,
				054DDFE6257D167E007F7F49 /* Controller */,
				054DDFE8257D1685007F7F49 /* View */,
				054DDFE4257D1672007F7F49 /* Delegates */,
				05BF21872579434B00183AC1 /* Assets.xcassets */,
				05BF21892579434B00183AC1 /* LaunchScreen.storyboard */,
				05BF218C2579434B00183AC1 /* Info.plist */,
			);
			path = WeatherDemo;
			sourceTree = "<group>";
		};
		51E9CC230F0B71C9644219E2 /* Pods */ = {
			isa = PBXGroup;
			children = (
				6107CFDFBFAC5BA1C9152927 /* Pods-WeatherDemo.debug.xcconfig */,
				9D188AEB17E0D81EE19B9BB4 /* Pods-WeatherDemo.release.xcconfig */,
			);
			path = Pods;
			sourceTree = "<group>";
		};
		831BA5C5F4D196A875536655 /* Frameworks */ = {
			isa = PBXGroup;
			children = (
				3B712D3B02C170FF430FB84B /* Pods_WeatherDemo.framework */,
			);
			name = Frameworks;
			sourceTree = "<group>";
		};
/* End PBXGroup section */

/* Begin PBXNativeTarget section */
		05BF217A2579434B00183AC1 /* WeatherDemo */ = {
			isa = PBXNativeTarget;
			buildConfigurationList = 05BF218F2579434B00183AC1 /* Build configuration list for PBXNativeTarget "WeatherDemo" */;
			buildPhases = (
				BF29C63BE13150378FAAE3C9 /* [CP] Check Pods Manifest.lock */,
				05BF21772579434B00183AC1 /* Sources */,
				05BF21782579434B00183AC1 /* Frameworks */,
				05BF21792579434B00183AC1 /* Resources */,
				0E59D3A4FE349E1270ABAB9B /* [CP] Embed Pods Frameworks */,
			);
			buildRules = (
			);
			dependencies = (
			);
			name = WeatherDemo;
			productName = WeatherDemo;
			productReference = 05BF217B2579434B00183AC1 /* WeatherDemo.app */;
			productType = "com.apple.product-type.application";
		};
/* End PBXNativeTarget section */

/* Begin PBXProject section */
		05BF21732579434B00183AC1 /* Project object */ = {
			isa = PBXProject;
			attributes = {
				LastSwiftUpdateCheck = 1220;
				LastUpgradeCheck = 1220;
				TargetAttributes = {
					05BF217A2579434B00183AC1 = {
						CreatedOnToolsVersion = 12.2;
					};
				};
			};
			buildConfigurationList = 05BF21762579434B00183AC1 /* Build configuration list for PBXProject "WeatherDemo" */;
			compatibilityVersion = "Xcode 9.3";
			developmentRegion = en;
			hasScannedForEncodings = 0;
			knownRegions = (
				en,
				Base,
			);
			mainGroup = 05BF21722579434B00183AC1;
			productRefGroup = 05BF217C2579434B00183AC1 /* Products */;
			projectDirPath = "";
			projectRoot = "";
			targets = (
				05BF217A2579434B00183AC1 /* WeatherDemo */,
			);
		};
/* End PBXProject section */

/* Begin PBXResourcesBuildPhase section */
		05BF21792579434B00183AC1 /* Resources */ = {
			isa = PBXResourcesBuildPhase;
			buildActionMask = 2147483647;
			files = (
				05BF218B2579434B00183AC1 /* LaunchScreen.storyboard in Resources */,
				05BF21882579434B00183AC1 /* Assets.xcassets in Resources */,
				05BF21862579434B00183AC1 /* Main.storyboard in Resources */,
			);
			runOnlyForDeploymentPostprocessing = 0;
		};
/* End PBXResourcesBuildPhase section */

/* Begin PBXShellScriptBuildPhase section */
		0E59D3A4FE349E1270ABAB9B /* [CP] Embed Pods Frameworks */ = {
			isa = PBXShellScriptBuildPhase;
			buildActionMask = 2147483647;
			files = (
			);
			inputFileListPaths = (
				"${PODS_ROOT}/Target Support Files/Pods-WeatherDemo/Pods-WeatherDemo-frameworks-${CONFIGURATION}-input-files.xcfilelist",
			);
			name = "[CP] Embed Pods Frameworks";
			outputFileListPaths = (
				"${PODS_ROOT}/Target Support Files/Pods-WeatherDemo/Pods-WeatherDemo-frameworks-${CONFIGURATION}-output-files.xcfilelist",
			);
			runOnlyForDeploymentPostprocessing = 0;
			shellPath = /bin/sh;
			shellScript = "\"${PODS_ROOT}/Target Support Files/Pods-WeatherDemo/Pods-WeatherDemo-frameworks.sh\"\n";
			showEnvVarsInLog = 0;
		};
		BF29C63BE13150378FAAE3C9 /* [CP] Check Pods Manifest.lock */ = {
			isa = PBXShellScriptBuildPhase;
			buildActionMask = 2147483647;
			files = (
			);
			inputFileListPaths = (
			);
			inputPaths = (
				"${PODS_PODFILE_DIR_PATH}/Podfile.lock",
				"${PODS_ROOT}/Manifest.lock",
			);
			name = "[CP] Check Pods Manifest.lock";
			outputFileListPaths = (
			);
			outputPaths = (
				"$(DERIVED_FILE_DIR)/Pods-WeatherDemo-checkManifestLockResult.txt",
			);
			runOnlyForDeploymentPostprocessing = 0;
			shellPath = /bin/sh;
			shellScript = "diff \"${PODS_PODFILE_DIR_PATH}/Podfile.lock\" \"${PODS_ROOT}/Manifest.lock\" > /dev/null\nif [ $? != 0 ] ; then\n    # print error to STDERR\n    echo \"error: The sandbox is not in sync with the Podfile.lock. Run 'pod install' or update your CocoaPods installation.\" >&2\n    exit 1\nfi\n# This output is used by Xcode 'outputs' to avoid re-running this script phase.\necho \"SUCCESS\" > \"${SCRIPT_OUTPUT_FILE_0}\"\n";
			showEnvVarsInLog = 0;
		};
/* End PBXShellScriptBuildPhase section */

/* Begin PBXSourcesBuildPhase section */
		05BF21772579434B00183AC1 /* Sources */ = {
			isa = PBXSourcesBuildPhase;
			buildActionMask = 2147483647;
			files = (
				053CEF93257D50B800EDC105 /* DailyForecastCollectionViewCell.swift in Sources */,
				05BF217F2579434B00183AC1 /* AppDelegate.swift in Sources */,
				05BF21982579739400183AC1 /* CitiesTableViewController.swift in Sources */,
				054DDFF1257D199C007F7F49 /* ForecastViewController.swift in Sources */,
				054DDFEE257D1775007F7F49 /* CityTableViewCell.swift in Sources */,
				05BF21812579434B00183AC1 /* SceneDelegate.swift in Sources */,
			);
			runOnlyForDeploymentPostprocessing = 0;
		};
/* End PBXSourcesBuildPhase section */

/* Begin PBXVariantGroup section */
		05BF21842579434B00183AC1 /* Main.storyboard */ = {
			isa = PBXVariantGroup;
			children = (
				05BF21852579434B00183AC1 /* Base */,
			);
			name = Main.storyboard;
			sourceTree = "<group>";
		};
		05BF21892579434B00183AC1 /* LaunchScreen.storyboard */ = {
			isa = PBXVariantGroup;
			children = (
				05BF218A2579434B00183AC1 /* Base */,
			);
			name = LaunchScreen.storyboard;
			sourceTree = "<group>";
		};
/* End PBXVariantGroup section */

/* Begin XCBuildConfiguration section */
		05BF218D2579434B00183AC1 /* Debug */ = {
			isa = XCBuildConfiguration;
			buildSettings = {
				ALWAYS_SEARCH_USER_PATHS = NO;
				CLANG_ANALYZER_NONNULL = YES;
				CLANG_ANALYZER_NUMBER_OBJECT_CONVERSION = YES_AGGRESSIVE;
				CLANG_CXX_LANGUAGE_STANDARD = "gnu++14";
				CLANG_CXX_LIBRARY = "libc++";
				CLANG_ENABLE_MODULES = YES;
				CLANG_ENABLE_OBJC_ARC = YES;
				CLANG_ENABLE_OBJC_WEAK = YES;
				CLANG_WARN_BLOCK_CAPTURE_AUTORELEASING = YES;
				CLANG_WARN_BOOL_CONVERSION = YES;
				CLANG_WARN_COMMA = YES;
				CLANG_WARN_CONSTANT_CONVERSION = YES;
				CLANG_WARN_DEPRECATED_OBJC_IMPLEMENTATIONS = YES;
				CLANG_WARN_DIRECT_OBJC_ISA_USAGE = YES_ERROR;
				CLANG_WARN_DOCUMENTATION_COMMENTS = YES;
				CLANG_WARN_EMPTY_BODY = YES;
				CLANG_WARN_ENUM_CONVERSION = YES;
				CLANG_WARN_INFINITE_RECURSION = YES;
				CLANG_WARN_INT_CONVERSION = YES;
				CLANG_WARN_NON_LITERAL_NULL_CONVERSION = YES;
				CLANG_WARN_OBJC_IMPLICIT_RETAIN_SELF = YES;
				CLANG_WARN_OBJC_LITERAL_CONVERSION = YES;
				CLANG_WARN_OBJC_ROOT_CLASS = YES_ERROR;
				CLANG_WARN_QUOTED_INCLUDE_IN_FRAMEWORK_HEADER = YES;
				CLANG_WARN_RANGE_LOOP_ANALYSIS = YES;
				CLANG_WARN_STRICT_PROTOTYPES = YES;
				CLANG_WARN_SUSPICIOUS_MOVE = YES;
				CLANG_WARN_UNGUARDED_AVAILABILITY = YES_AGGRESSIVE;
				CLANG_WARN_UNREACHABLE_CODE = YES;
				CLANG_WARN__DUPLICATE_METHOD_MATCH = YES;
				COPY_PHASE_STRIP = NO;
				DEBUG_INFORMATION_FORMAT = dwarf;
				ENABLE_STRICT_OBJC_MSGSEND = YES;
				ENABLE_TESTABILITY = YES;
				GCC_C_LANGUAGE_STANDARD = gnu11;
				GCC_DYNAMIC_NO_PIC = NO;
				GCC_NO_COMMON_BLOCKS = YES;
				GCC_OPTIMIZATION_LEVEL = 0;
				GCC_PREPROCESSOR_DEFINITIONS = (
					"DEBUG=1",
					"$(inherited)",
				);
				GCC_WARN_64_TO_32_BIT_CONVERSION = YES;
				GCC_WARN_ABOUT_RETURN_TYPE = YES_ERROR;
				GCC_WARN_UNDECLARED_SELECTOR = YES;
				GCC_WARN_UNINITIALIZED_AUTOS = YES_AGGRESSIVE;
				GCC_WARN_UNUSED_FUNCTION = YES;
				GCC_WARN_UNUSED_VARIABLE = YES;
				IPHONEOS_DEPLOYMENT_TARGET = 14.2;
				MTL_ENABLE_DEBUG_INFO = INCLUDE_SOURCE;
				MTL_FAST_MATH = YES;
				ONLY_ACTIVE_ARCH = YES;
				SDKROOT = iphoneos;
				SWIFT_ACTIVE_COMPILATION_CONDITIONS = DEBUG;
				SWIFT_OPTIMIZATION_LEVEL = "-Onone";
			};
			name = Debug;
		};
		05BF218E2579434B00183AC1 /* Release */ = {
			isa = XCBuildConfiguration;
			buildSettings = {
				ALWAYS_SEARCH_USER_PATHS = NO;
				CLANG_ANALYZER_NONNULL = YES;
				CLANG_ANALYZER_NUMBER_OBJECT_CONVERSION = YES_AGGRESSIVE;
				CLANG_CXX_LANGUAGE_STANDARD = "gnu++14";
				CLANG_CXX_LIBRARY = "libc++";
				CLANG_ENABLE_MODULES = YES;
				CLANG_ENABLE_OBJC_ARC = YES;
				CLANG_ENABLE_OBJC_WEAK = YES;
				CLANG_WARN_BLOCK_CAPTURE_AUTORELEASING = YES;
				CLANG_WARN_BOOL_CONVERSION = YES;
				CLANG_WARN_COMMA = YES;
				CLANG_WARN_CONSTANT_CONVERSION = YES;
				CLANG_WARN_DEPRECATED_OBJC_IMPLEMENTATIONS = YES;
				CLANG_WARN_DIRECT_OBJC_ISA_USAGE = YES_ERROR;
				CLANG_WARN_DOCUMENTATION_COMMENTS = YES;
				CLANG_WARN_EMPTY_BODY = YES;
				CLANG_WARN_ENUM_CONVERSION = YES;
				CLANG_WARN_INFINITE_RECURSION = YES;
				CLANG_WARN_INT_CONVERSION = YES;
				CLANG_WARN_NON_LITERAL_NULL_CONVERSION = YES;
				CLANG_WARN_OBJC_IMPLICIT_RETAIN_SELF = YES;
				CLANG_WARN_OBJC_LITERAL_CONVERSION = YES;
				CLANG_WARN_OBJC_ROOT_CLASS = YES_ERROR;
				CLANG_WARN_QUOTED_INCLUDE_IN_FRAMEWORK_HEADER = YES;
				CLANG_WARN_RANGE_LOOP_ANALYSIS = YES;
				CLANG_WARN_STRICT_PROTOTYPES = YES;
				CLANG_WARN_SUSPICIOUS_MOVE = YES;
				CLANG_WARN_UNGUARDED_AVAILABILITY = YES_AGGRESSIVE;
				CLANG_WARN_UNREACHABLE_CODE = YES;
				CLANG_WARN__DUPLICATE_METHOD_MATCH = YES;
				COPY_PHASE_STRIP = NO;
				DEBUG_INFORMATION_FORMAT = "dwarf-with-dsym";
				ENABLE_NS_ASSERTIONS = NO;
				ENABLE_STRICT_OBJC_MSGSEND = YES;
				GCC_C_LANGUAGE_STANDARD = gnu11;
				GCC_NO_COMMON_BLOCKS = YES;
				GCC_WARN_64_TO_32_BIT_CONVERSION = YES;
				GCC_WARN_ABOUT_RETURN_TYPE = YES_ERROR;
				GCC_WARN_UNDECLARED_SELECTOR = YES;
				GCC_WARN_UNINITIALIZED_AUTOS = YES_AGGRESSIVE;
				GCC_WARN_UNUSED_FUNCTION = YES;
				GCC_WARN_UNUSED_VARIABLE = YES;
				IPHONEOS_DEPLOYMENT_TARGET = 14.2;
				MTL_ENABLE_DEBUG_INFO = NO;
				MTL_FAST_MATH = YES;
				SDKROOT = iphoneos;
				SWIFT_COMPILATION_MODE = wholemodule;
				SWIFT_OPTIMIZATION_LEVEL = "-O";
				VALIDATE_PRODUCT = YES;
			};
			name = Release;
		};
		05BF21902579434B00183AC1 /* Debug */ = {
			isa = XCBuildConfiguration;
			baseConfigurationReference = 6107CFDFBFAC5BA1C9152927 /* Pods-WeatherDemo.debug.xcconfig */;
			buildSettings = {
				ASSETCATALOG_COMPILER_APPICON_NAME = AppIcon;
				ASSETCATALOG_COMPILER_GLOBAL_ACCENT_COLOR_NAME = AccentColor;
				CODE_SIGN_STYLE = Automatic;
				DEVELOPMENT_TEAM = 73T22RNDX9;
				INFOPLIST_FILE = WeatherDemo/Info.plist;
				LD_RUNPATH_SEARCH_PATHS = (
					"$(inherited)",
					"@executable_path/Frameworks",
				);
				PRODUCT_BUNDLE_IDENTIFIER = DenisGodovaniuk.WeatherDemo;
				PRODUCT_NAME = "$(TARGET_NAME)";
				SWIFT_VERSION = 5.0;
				TARGETED_DEVICE_FAMILY = "1,2";
			};
			name = Debug;
		};
		05BF21912579434B00183AC1 /* Release */ = {
			isa = XCBuildConfiguration;
			baseConfigurationReference = 9D188AEB17E0D81EE19B9BB4 /* Pods-WeatherDemo.release.xcconfig */;
			buildSettings = {
				ASSETCATALOG_COMPILER_APPICON_NAME = AppIcon;
				ASSETCATALOG_COMPILER_GLOBAL_ACCENT_COLOR_NAME = AccentColor;
				CODE_SIGN_STYLE = Automatic;
				DEVELOPMENT_TEAM = 73T22RNDX9;
				INFOPLIST_FILE = WeatherDemo/Info.plist;
				LD_RUNPATH_SEARCH_PATHS = (
					"$(inherited)",
					"@executable_path/Frameworks",
				);
				PRODUCT_BUNDLE_IDENTIFIER = DenisGodovaniuk.WeatherDemo;
				PRODUCT_NAME = "$(TARGET_NAME)";
				SWIFT_VERSION = 5.0;
				TARGETED_DEVICE_FAMILY = "1,2";
			};
			name = Release;
		};
/* End XCBuildConfiguration section */

/* Begin XCConfigurationList section */
		05BF21762579434B00183AC1 /* Build configuration list for PBXProject "WeatherDemo" */ = {
			isa = XCConfigurationList;
			buildConfigurations = (
				05BF218D2579434B00183AC1 /* Debug */,
				05BF218E2579434B00183AC1 /* Release */,
			);
			defaultConfigurationIsVisible = 0;
			defaultConfigurationName = Release;
		};
		05BF218F2579434B00183AC1 /* Build configuration list for PBXNativeTarget "WeatherDemo" */ = {
			isa = XCConfigurationList;
			buildConfigurations = (
				05BF21902579434B00183AC1 /* Debug */,
				05BF21912579434B00183AC1 /* Release */,
			);
			defaultConfigurationIsVisible = 0;
			defaultConfigurationName = Release;
		};
/* End XCConfigurationList section */
	};
	rootObject = 05BF21732579434B00183AC1 /* Project object */;
}
